// !$*UTF8*$!
{
	archiveVersion = 1;
	classes = {
	};
	objectVersion = 46;
	objects = {

/* Begin PBXBuildFile section */
		327C39DC1C2BB97F0053616A /* AppDelegate.swift in Sources */ = {isa = PBXBuildFile; fileRef = 327C39DB1C2BB97F0053616A /* AppDelegate.swift */; };
		327C39DE1C2BB97F0053616A /* ViewController.swift in Sources */ = {isa = PBXBuildFile; fileRef = 327C39DD1C2BB97F0053616A /* ViewController.swift */; };
		327C39E11C2BB97F0053616A /* Main.storyboard in Resources */ = {isa = PBXBuildFile; fileRef = 327C39DF1C2BB97F0053616A /* Main.storyboard */; };
		327C39E31C2BB97F0053616A /* Assets.xcassets in Resources */ = {isa = PBXBuildFile; fileRef = 327C39E21C2BB97F0053616A /* Assets.xcassets */; };
		327C39E61C2BB97F0053616A /* LaunchScreen.storyboard in Resources */ = {isa = PBXBuildFile; fileRef = 327C39E41C2BB97F0053616A /* LaunchScreen.storyboard */; };
		327C39EE1C2BBE8F0053616A /* TWScrollEmbedController.swift in Sources */ = {isa = PBXBuildFile; fileRef = 327C39ED1C2BBE8F0053616A /* TWScrollEmbedController.swift */; };
		327C39F11C2BBEC80053616A /* TWScrollEmbedSegue.swift in Sources */ = {isa = PBXBuildFile; fileRef = 327C39F01C2BBEC80053616A /* TWScrollEmbedSegue.swift */; };
		328B00A31C438AE6009E7C82 /* TWContainerEmbedController.swift in Sources */ = {isa = PBXBuildFile; fileRef = 328B00A21C438AE6009E7C82 /* TWContainerEmbedController.swift */; };
		328B00A51C438B1E009E7C82 /* TWContainerEmbedSegue.swift in Sources */ = {isa = PBXBuildFile; fileRef = 328B00A41C438B1E009E7C82 /* TWContainerEmbedSegue.swift */; };
/* End PBXBuildFile section */

/* Begin PBXFileReference section */
		327C39D81C2BB97F0053616A /* TWPageEmbedViewControllerDemo.app */ = {isa = PBXFileReference; explicitFileType = wrapper.application; includeInIndex = 0; path = TWPageEmbedViewControllerDemo.app; sourceTree = BUILT_PRODUCTS_DIR; };
		327C39DB1C2BB97F0053616A /* AppDelegate.swift */ = {isa = PBXFileReference; lastKnownFileType = sourcecode.swift; path = AppDelegate.swift; sourceTree = "<group>"; };
		327C39DD1C2BB97F0053616A /* ViewController.swift */ = {isa = PBXFileReference; lastKnownFileType = sourcecode.swift; path = ViewController.swift; sourceTree = "<group>"; };
		327C39E01C2BB97F0053616A /* Base */ = {isa = PBXFileReference; lastKnownFileType = file.storyboard; name = Base; path = Base.lproj/Main.storyboard; sourceTree = "<group>"; };
		327C39E21C2BB97F0053616A /* Assets.xcassets */ = {isa = PBXFileReference; lastKnownFileType = folder.assetcatalog; path = Assets.xcassets; sourceTree = "<group>"; };
		327C39E51C2BB97F0053616A /* Base */ = {isa = PBXFileReference; lastKnownFileType = file.storyboard; name = Base; path = Base.lproj/LaunchScreen.storyboard; sourceTree = "<group>"; };
		327C39E71C2BB97F0053616A /* Info.plist */ = {isa = PBXFileReference; lastKnownFileType = text.plist.xml; path = Info.plist; sourceTree = "<group>"; };
		327C39ED1C2BBE8F0053616A /* TWScrollEmbedController.swift */ = {isa = PBXFileReference; fileEncoding = 4; lastKnownFileType = sourcecode.swift; name = TWScrollEmbedController.swift; path = ../Pod/TWScrollEmbedController.swift; sourceTree = "<group>"; };
		327C39F01C2BBEC80053616A /* TWScrollEmbedSegue.swift */ = {isa = PBXFileReference; fileEncoding = 4; lastKnownFileType = sourcecode.swift; name = TWScrollEmbedSegue.swift; path = ../Pod/TWScrollEmbedSegue.swift; sourceTree = "<group>"; };
		328B00A21C438AE6009E7C82 /* TWContainerEmbedController.swift */ = {isa = PBXFileReference; fileEncoding = 4; lastKnownFileType = sourcecode.swift; name = TWContainerEmbedController.swift; path = ../Pod/TWContainerEmbedController.swift; sourceTree = "<group>"; };
		328B00A41C438B1E009E7C82 /* TWContainerEmbedSegue.swift */ = {isa = PBXFileReference; fileEncoding = 4; lastKnownFileType = sourcecode.swift; name = TWContainerEmbedSegue.swift; path = ../Pod/TWContainerEmbedSegue.swift; sourceTree = "<group>"; };
/* End PBXFileReference section */

/* Begin PBXFrameworksBuildPhase section */
		327C39D51C2BB97F0053616A /* Frameworks */ = {
			isa = PBXFrameworksBuildPhase;
			buildActionMask = 2147483647;
			files = (
			);
			runOnlyForDeploymentPostprocessing = 0;
		};
/* End PBXFrameworksBuildPhase section */

/* Begin PBXGroup section */
		327C39CF1C2BB97F0053616A = {
			isa = PBXGroup;
			children = (
				327C39EF1C2BBEB20053616A /* TWPageEmbedViewController */,
				327C39DA1C2BB97F0053616A /* TWPageEmbedViewControllerDemo */,
				327C39D91C2BB97F0053616A /* Products */,
			);
			sourceTree = "<group>";
		};
		327C39D91C2BB97F0053616A /* Products */ = {
			isa = PBXGroup;
			children = (
				327C39D81C2BB97F0053616A /* TWPageEmbedViewControllerDemo.app */,
			);
			name = Products;
			sourceTree = "<group>";
		};
		327C39DA1C2BB97F0053616A /* TWPageEmbedViewControllerDemo */ = {
			isa = PBXGroup;
			children = (
				327C39DB1C2BB97F0053616A /* AppDelegate.swift */,
				327C39DD1C2BB97F0053616A /* ViewController.swift */,
				327C39DF1C2BB97F0053616A /* Main.storyboard */,
				327C39E21C2BB97F0053616A /* Assets.xcassets */,
				327C39E41C2BB97F0053616A /* LaunchScreen.storyboard */,
				327C39E71C2BB97F0053616A /* Info.plist */,
			);
			path = TWPageEmbedViewControllerDemo;
			sourceTree = "<group>";
		};
		327C39EF1C2BBEB20053616A /* TWPageEmbedViewController */ = {
			isa = PBXGroup;
			children = (
				327C39ED1C2BBE8F0053616A /* TWScrollEmbedController.swift */,
				327C39F01C2BBEC80053616A /* TWScrollEmbedSegue.swift */,
				328B00A21C438AE6009E7C82 /* TWContainerEmbedController.swift */,
				328B00A41C438B1E009E7C82 /* TWContainerEmbedSegue.swift */,
			);
			name = TWPageEmbedViewController;
			sourceTree = "<group>";
		};
/* End PBXGroup section */

/* Begin PBXNativeTarget section */
		327C39D71C2BB97F0053616A /* TWPageEmbedViewControllerDemo */ = {
			isa = PBXNativeTarget;
			buildConfigurationList = 327C39EA1C2BB97F0053616A /* Build configuration list for PBXNativeTarget "TWPageEmbedViewControllerDemo" */;
			buildPhases = (
				327C39D41C2BB97F0053616A /* Sources */,
				327C39D51C2BB97F0053616A /* Frameworks */,
				327C39D61C2BB97F0053616A /* Resources */,
			);
			buildRules = (
			);
			dependencies = (
			);
			name = TWPageEmbedViewControllerDemo;
			productName = TWPageEmbedViewControllerDemo;
			productReference = 327C39D81C2BB97F0053616A /* TWPageEmbedViewControllerDemo.app */;
			productType = "com.apple.product-type.application";
		};
/* End PBXNativeTarget section */

/* Begin PBXProject section */
		327C39D01C2BB97F0053616A /* Project object */ = {
			isa = PBXProject;
			attributes = {
				LastSwiftUpdateCheck = 0720;
				LastUpgradeCheck = 0720;
				ORGANIZATIONNAME = prnd;
				TargetAttributes = {
					327C39D71C2BB97F0053616A = {
						CreatedOnToolsVersion = 7.2;
						DevelopmentTeam = C8LLTKJ2XT;
						LastSwiftMigration = 0810;
					};
				};
			};
			buildConfigurationList = 327C39D31C2BB97F0053616A /* Build configuration list for PBXProject "TWPageEmbedViewControllerDemo" */;
			compatibilityVersion = "Xcode 3.2";
			developmentRegion = English;
			hasScannedForEncodings = 0;
			knownRegions = (
				en,
				Base,
			);
			mainGroup = 327C39CF1C2BB97F0053616A;
			productRefGroup = 327C39D91C2BB97F0053616A /* Products */;
			projectDirPath = "";
			projectRoot = "";
			targets = (
				327C39D71C2BB97F0053616A /* TWPageEmbedViewControllerDemo */,
			);
		};
/* End PBXProject section */

/* Begin PBXResourcesBuildPhase section */
		327C39D61C2BB97F0053616A /* Resources */ = {
			isa = PBXResourcesBuildPhase;
			buildActionMask = 2147483647;
			files = (
				327C39E61C2BB97F0053616A /* LaunchScreen.storyboard in Resources */,
				327C39E31C2BB97F0053616A /* Assets.xcassets in Resources */,
				327C39E11C2BB97F0053616A /* Main.storyboard in Resources */,
			);
			runOnlyForDeploymentPostprocessing = 0;
		};
/* End PBXResourcesBuildPhase section */

/* Begin PBXSourcesBuildPhase section */
		327C39D41C2BB97F0053616A /* Sources */ = {
			isa = PBXSourcesBuildPhase;
			buildActionMask = 2147483647;
			files = (
				327C39F11C2BBEC80053616A /* TWScrollEmbedSegue.swift in Sources */,
				327C39DE1C2BB97F0053616A /* ViewController.swift in Sources */,
				327C39DC1C2BB97F0053616A /* AppDelegate.swift in Sources */,
				327C39EE1C2BBE8F0053616A /* TWScrollEmbedController.swift in Sources */,
				328B00A51C438B1E009E7C82 /* TWContainerEmbedSegue.swift in Sources */,
				328B00A31C438AE6009E7C82 /* TWContainerEmbedController.swift in Sources */,
			);
			runOnlyForDeploymentPostprocessing = 0;
		};
/* End PBXSourcesBuildPhase section */

/* Begin PBXVariantGroup section */
		327C39DF1C2BB97F0053616A /* Main.storyboard */ = {
			isa = PBXVariantGroup;
			children = (
				327C39E01C2BB97F0053616A /* Base */,
			);
			name = Main.storyboard;
			sourceTree = "<group>";
		};
		327C39E41C2BB97F0053616A /* LaunchScreen.storyboard */ = {
			isa = PBXVariantGroup;
			children = (
				327C39E51C2BB97F0053616A /* Base */,
			);
			name = LaunchScreen.storyboard;
			sourceTree = "<group>";
		};
/* End PBXVariantGroup section */

/* Begin XCBuildConfiguration section */
		327C39E81C2BB97F0053616A /* Debug */ = {
			isa = XCBuildConfiguration;
			buildSettings = {
				ALWAYS_SEARCH_USER_PATHS = NO;
				CLANG_CXX_LANGUAGE_STANDARD = "gnu++0x";
				CLANG_CXX_LIBRARY = "libc++";
				CLANG_ENABLE_MODULES = YES;
				CLANG_ENABLE_OBJC_ARC = YES;
				CLANG_WARN_BOOL_CONVERSION = YES;
				CLANG_WARN_CONSTANT_CONVERSION = YES;
				CLANG_WARN_DIRECT_OBJC_ISA_USAGE = YES_ERROR;
				CLANG_WARN_EMPTY_BODY = YES;
				CLANG_WARN_ENUM_CONVERSION = YES;
				CLANG_WARN_INT_CONVERSION = YES;
				CLANG_WARN_OBJC_ROOT_CLASS = YES_ERROR;
				CLANG_WARN_UNREACHABLE_CODE = YES;
				CLANG_WARN__DUPLICATE_METHOD_MATCH = YES;
				"CODE_SIGN_IDENTITY[sdk=iphoneos*]" = "iPhone Developer";
				COPY_PHASE_STRIP = NO;
				DEBUG_INFORMATION_FORMAT = dwarf;
				ENABLE_STRICT_OBJC_MSGSEND = YES;
				ENABLE_TESTABILITY = YES;
				GCC_C_LANGUAGE_STANDARD = gnu99;
				GCC_DYNAMIC_NO_PIC = NO;
				GCC_NO_COMMON_BLOCKS = YES;
				GCC_OPTIMIZATION_LEVEL = 0;
				GCC_PREPROCESSOR_DEFINITIONS = (
					"DEBUG=1",
					"$(inherited)",
				);
				GCC_WARN_64_TO_32_BIT_CONVERSION = YES;
				GCC_WARN_ABOUT_RETURN_TYPE = YES_ERROR;
				GCC_WARN_UNDECLARED_SELECTOR = YES;
				GCC_WARN_UNINITIALIZED_AUTOS = YES_AGGRESSIVE;
				GCC_WARN_UNUSED_FUNCTION = YES;
				GCC_WARN_UNUSED_VARIABLE = YES;
				IPHONEOS_DEPLOYMENT_TARGET = 9.2;
				MTL_ENABLE_DEBUG_INFO = YES;
				ONLY_ACTIVE_ARCH = YES;
				SDKROOT = iphoneos;
				SWIFT_OPTIMIZATION_LEVEL = "-Onone";
			};
			name = Debug;
		};
		327C39E91C2BB97F0053616A /* Release */ = {
			isa = XCBuildConfiguration;
			buildSettings = {
				ALWAYS_SEARCH_USER_PATHS = NO;
				CLANG_CXX_LANGUAGE_STANDARD = "gnu++0x";
				CLANG_CXX_LIBRARY = "libc++";
				CLANG_ENABLE_MODULES = YES;
				CLANG_ENABLE_OBJC_ARC = YES;
				CLANG_WARN_BOOL_CONVERSION = YES;
				CLANG_WARN_CONSTANT_CONVERSION = YES;
				CLANG_WARN_DIRECT_OBJC_ISA_USAGE = YES_ERROR;
				CLANG_WARN_EMPTY_BODY = YES;
				CLANG_WARN_ENUM_CONVERSION = YES;
				CLANG_WARN_INT_CONVERSION = YES;
				CLANG_WARN_OBJC_ROOT_CLASS = YES_ERROR;
				CLANG_WARN_UNREACHABLE_CODE = YES;
				CLANG_WARN__DUPLICATE_METHOD_MATCH = YES;
				"CODE_SIGN_IDENTITY[sdk=iphoneos*]" = "iPhone Developer";
				COPY_PHASE_STRIP = NO;
				DEBUG_INFORMATION_FORMAT = "dwarf-with-dsym";
				ENABLE_NS_ASSERTIONS = NO;
				ENABLE_STRICT_OBJC_MSGSEND = YES;
				GCC_C_LANGUAGE_STANDARD = gnu99;
				GCC_NO_COMMON_BLOCKS = YES;
				GCC_WARN_64_TO_32_BIT_CONVERSION = YES;
				GCC_WARN_ABOUT_RETURN_TYPE = YES_ERROR;
				GCC_WARN_UNDECLARED_SELECTOR = YES;
				GCC_WARN_UNINITIALIZED_AUTOS = YES_AGGRESSIVE;
				GCC_WARN_UNUSED_FUNCTION = YES;
				GCC_WARN_UNUSED_VARIABLE = YES;
				IPHONEOS_DEPLOYMENT_TARGET = 9.2;
				MTL_ENABLE_DEBUG_INFO = NO;
				SDKROOT = iphoneos;
				VALIDATE_PRODUCT = YES;
			};
			name = Release;
		};
		327C39EB1C2BB97F0053616A /* Debug */ = {
			isa = XCBuildConfiguration;
			buildSettings = {
				ASSETCATALOG_COMPILER_APPICON_NAME = AppIcon;
				CLANG_ENABLE_MODULES = YES;
				DEVELOPMENT_TEAM = C8LLTKJ2XT;
				INFOPLIST_FILE = TWPageEmbedViewControllerDemo/Info.plist;
				IPHONEOS_DEPLOYMENT_TARGET = 8.0;
				LD_RUNPATH_SEARCH_PATHS = "$(inherited) @executable_path/Frameworks";
				PRODUCT_BUNDLE_IDENTIFIER = com.prnd.TWPageEmbedViewControllerDemo;
				PRODUCT_NAME = "$(TARGET_NAME)";
				SWIFT_OBJC_BRIDGING_HEADER = "";
				SWIFT_OPTIMIZATION_LEVEL = "-Onone";
				SWIFT_VERSION = 3.0;
			};
			name = Debug;
		};
		327C39EC1C2BB97F0053616A /* Release */ = {
			isa = XCBuildConfiguration;
			buildSettings = {
				ASSETCATALOG_COMPILER_APPICON_NAME = AppIcon;
				CLANG_ENABLE_MODULES = YES;
				DEVELOPMENT_TEAM = C8LLTKJ2XT;
				INFOPLIST_FILE = TWPageEmbedViewControllerDemo/Info.plist;
				IPHONEOS_DEPLOYMENT_TARGET = 8.0;
				LD_RUNPATH_SEARCH_PATHS = "$(inherited) @executable_path/Frameworks";
				PRODUCT_BUNDLE_IDENTIFIER = com.prnd.TWPageEmbedViewControllerDemo;
				PRODUCT_NAME = "$(TARGET_NAME)";
				SWIFT_OBJC_BRIDGING_HEADER = "";
				SWIFT_VERSION = 3.0;
			};
			name = Release;
		};
/* End XCBuildConfiguration section */

/* Begin XCConfigurationList section */
		327C39D31C2BB97F0053616A /* Build configuration list for PBXProject "TWPageEmbedViewControllerDemo" */ = {
			isa = XCConfigurationList;
			buildConfigurations = (
				327C39E81C2BB97F0053616A /* Debug */,
				327C39E91C2BB97F0053616A /* Release */,
			);
			defaultConfigurationIsVisible = 0;
			defaultConfigurationName = Release;
		};
		327C39EA1C2BB97F0053616A /* Build configuration list for PBXNativeTarget "TWPageEmbedViewControllerDemo" */ = {
			isa = XCConfigurationList;
			buildConfigurations = (
				327C39EB1C2BB97F0053616A /* Debug */,
				327C39EC1C2BB97F0053616A /* Release */,
			);
			defaultConfigurationIsVisible = 0;
			defaultConfigurationName = Release;
		};
/* End XCConfigurationList section */
	};
	rootObject = 327C39D01C2BB97F0053616A /* Project object */;
}
